
Microsoft Visual Studio Solution File, Format Version 12.00
# Visual Studio 2013
VisualStudioVersion = 12.0.40629.0
MinimumVisualStudioVersion = 10.0.40219.1
Project("{8BC9CEB8-8B4A-11D0-8D11-00A0C91BC942}") = "Q2", "Q2\Q2.vcxproj", "{5085A87B-8CEA-4409-AD7E-4075FE306E0B}"
EndProject
Project("{8BC9CEB8-8B4A-11D0-8D11-00A0C91BC942}") = "Q9", "Q9\Q9.vcxproj", "{011C9B45-EC82-4193-9D60-C091A6F0B05F}"
EndProject
Project("{8BC9CEB8-8B4A-11D0-8D11-00A0C91BC942}") = "Q10", "Q10\Q10.vcxproj", "{BAEC968C-8540-4518-BF57-E973F8F1968F}"
EndProject
Project("{8BC9CEB8-8B4A-11D0-8D11-00A0C91BC942}") = "Q13", "Q13\Q13.vcxproj", "{2764F2A9-F1DF-4343-833B-7E725FE70CE9}"
EndProject
Project("{8BC9CEB8-8B4A-11D0-8D11-00A0C91BC942}") = "Q63", "Q63\Q63.vcxproj", "{718B9872-238A-4FF1-B8C8-4F23651B6A91}"
EndProject
Project("{8BC9CEB8-8B4A-11D0-8D11-00A0C91BC942}") = "Q64", "Q64\Q64.vcxproj", "{E7DBBE41-BD1B-4F38-B4D4-FEF163382108}"
EndProject
Project("{8BC9CEB8-8B4A-11D0-8D11-00A0C91BC942}") = "Q65", "Q65\Q65.vcxproj", "{6C641B8B-83A4-48E7-B499-EC787895F027}"
EndProject
Project("{8BC9CEB8-8B4A-11D0-8D11-00A0C91BC942}") = "Q66", "Q66\Q66.vcxproj", "{283FA91C-4C3B-4297-8097-64C7E3195AAC}"
EndProject
Project("{8BC9CEB8-8B4A-11D0-8D11-00A0C91BC942}") = "Q67", "Q67\Q67.vcxproj", "{83925BC7-0B51-4682-94AB-CC7C0D69A7C9}"
EndProject
Project("{8BC9CEB8-8B4A-11D0-8D11-00A0C91BC942}") = "Q68", "Q68\Q68.vcxproj", "{DDD2D295-446E-491B-A930-2206FB88A17D}"
EndProject
Project("{8BC9CEB8-8B4A-11D0-8D11-00A0C91BC942}") = "Q69", "Q69\Q69.vcxproj", "{4DF3F504-8368-40E8-95DA-885C213DDCAB}"
EndProject
Project("{8BC9CEB8-8B4A-11D0-8D11-00A0C91BC942}") = "Q70", "Q70\Q70.vcxproj", "{1992F50E-36A4-442F-9D69-EEB62D06953D}"
EndProject
Project("{8BC9CEB8-8B4A-11D0-8D11-00A0C91BC942}") = "Q71", "Q71\Q71.vcxproj", "{D8F32EE9-5F51-4074-910E-42C947E4B28D}"
EndProject
Project("{8BC9CEB8-8B4A-11D0-8D11-00A0C91BC942}") = "Q72", "Q72\Q72.vcxproj", "{2B1D4C95-9CC7-413F-85C0-7C9A747F1EA9}"
EndProject
Project("{8BC9CEB8-8B4A-11D0-8D11-00A0C91BC942}") = "Q73", "Q73\Q73.vcxproj", "{D27C36DB-218F-41AA-96C5-5EDB07318571}"
EndProject
Global
	GlobalSection(SolutionConfigurationPlatforms) = preSolution
		Debug|Win32 = Debug|Win32
		Release|Win32 = Release|Win32
	EndGlobalSection
	GlobalSection(ProjectConfigurationPlatforms) = postSolution
		{5085A87B-8CEA-4409-AD7E-4075FE306E0B}.Debug|Win32.ActiveCfg = Debug|Win32
		{5085A87B-8CEA-4409-AD7E-4075FE306E0B}.Debug|Win32.Build.0 = Debug|Win32
		{5085A87B-8CEA-4409-AD7E-4075FE306E0B}.Release|Win32.ActiveCfg = Release|Win32
		{5085A87B-8CEA-4409-AD7E-4075FE306E0B}.Release|Win32.Build.0 = Release|Win32
		{011C9B45-EC82-4193-9D60-C091A6F0B05F}.Debug|Win32.ActiveCfg = Debug|Win32
		{011C9B45-EC82-4193-9D60-C091A6F0B05F}.Debug|Win32.Build.0 = Debug|Win32
		{011C9B45-EC82-4193-9D60-C091A6F0B05F}.Release|Win32.ActiveCfg = Release|Win32
		{011C9B45-EC82-4193-9D60-C091A6F0B05F}.Release|Win32.Build.0 = Release|Win32
		{BAEC968C-8540-4518-BF57-E973F8F1968F}.Debug|Win32.ActiveCfg = Debug|Win32
		{BAEC968C-8540-4518-BF57-E973F8F1968F}.Debug|Win32.Build.0 = Debug|Win32
		{BAEC968C-8540-4518-BF57-E973F8F1968F}.Release|Win32.ActiveCfg = Release|Win32
		{BAEC968C-8540-4518-BF57-E973F8F1968F}.Release|Win32.Build.0 = Release|Win32
		{2764F2A9-F1DF-4343-833B-7E725FE70CE9}.Debug|Win32.ActiveCfg = Debug|Win32
		{2764F2A9-F1DF-4343-833B-7E725FE70CE9}.Debug|Win32.Build.0 = Debug|Win32
		{2764F2A9-F1DF-4343-833B-7E725FE70CE9}.Release|Win32.ActiveCfg = Release|Win32
		{2764F2A9-F1DF-4343-833B-7E725FE70CE9}.Release|Win32.Build.0 = Release|Win32
		{718B9872-238A-4FF1-B8C8-4F23651B6A91}.Debug|Win32.ActiveCfg = Debug|Win32
		{718B9872-238A-4FF1-B8C8-4F23651B6A91}.Debug|Win32.Build.0 = Debug|Win32
		{718B9872-238A-4FF1-B8C8-4F23651B6A91}.Release|Win32.ActiveCfg = Release|Win32
		{718B9872-238A-4FF1-B8C8-4F23651B6A91}.Release|Win32.Build.0 = Release|Win32
		{E7DBBE41-BD1B-4F38-B4D4-FEF163382108}.Debug|Win32.ActiveCfg = Debug|Win32
		{E7DBBE41-BD1B-4F38-B4D4-FEF163382108}.Debug|Win32.Build.0 = Debug|Win32
		{E7DBBE41-BD1B-4F38-B4D4-FEF163382108}.Release|Win32.ActiveCfg = Release|Win32
		{E7DBBE41-BD1B-4F38-B4D4-FEF163382108}.Release|Win32.Build.0 = Release|Win32
		{6C641B8B-83A4-48E7-B499-EC787895F027}.Debug|Win32.ActiveCfg = Debug|Win32
		{6C641B8B-83A4-48E7-B499-EC787895F027}.Debug|Win32.Build.0 = Debug|Win32
		{6C641B8B-83A4-48E7-B499-EC787895F027}.Release|Win32.ActiveCfg = Release|Win32
		{6C641B8B-83A4-48E7-B499-EC787895F027}.Release|Win32.Build.0 = Release|Win32
		{283FA91C-4C3B-4297-8097-64C7E3195AAC}.Debug|Win32.ActiveCfg = Debug|Win32
		{283FA91C-4C3B-4297-8097-64C7E3195AAC}.Debug|Win32.Build.0 = Debug|Win32
		{283FA91C-4C3B-4297-8097-64C7E3195AAC}.Release|Win32.ActiveCfg = Release|Win32
		{283FA91C-4C3B-4297-8097-64C7E3195AAC}.Release|Win32.Build.0 = Release|Win32
		{83925BC7-0B51-4682-94AB-CC7C0D69A7C9}.Debug|Win32.ActiveCfg = Debug|Win32
		{83925BC7-0B51-4682-94AB-CC7C0D69A7C9}.Debug|Win32.Build.0 = Debug|Win32
		{83925BC7-0B51-4682-94AB-CC7C0D69A7C9}.Release|Win32.ActiveCfg = Release|Win32
		{83925BC7-0B51-4682-94AB-CC7C0D69A7C9}.Release|Win32.Build.0 = Release|Win32
		{DDD2D295-446E-491B-A930-2206FB88A17D}.Debug|Win32.ActiveCfg = Debug|Win32
		{DDD2D295-446E-491B-A930-2206FB88A17D}.Debug|Win32.Build.0 = Debug|Win32
		{DDD2D295-446E-491B-A930-2206FB88A17D}.Release|Win32.ActiveCfg = Release|Win32
		{DDD2D295-446E-491B-A930-2206FB88A17D}.Release|Win32.Build.0 = Release|Win32
		{4DF3F504-8368-40E8-95DA-885C213DDCAB}.Debug|Win32.ActiveCfg = Debug|Win32
		{4DF3F504-8368-40E8-95DA-885C213DDCAB}.Debug|Win32.Build.0 = Debug|Win32
		{4DF3F504-8368-40E8-95DA-885C213DDCAB}.Release|Win32.ActiveCfg = Release|Win32
		{4DF3F504-8368-40E8-95DA-885C213DDCAB}.Release|Win32.Build.0 = Release|Win32
		{1992F50E-36A4-442F-9D69-EEB62D06953D}.Debug|Win32.ActiveCfg = Debug|Win32
		{1992F50E-36A4-442F-9D69-EEB62D06953D}.Debug|Win32.Build.0 = Debug|Win32
		{1992F50E-36A4-442F-9D69-EEB62D06953D}.Release|Win32.ActiveCfg = Release|Win32
		{1992F50E-36A4-442F-9D69-EEB62D06953D}.Release|Win32.Build.0 = Release|Win32
		{D8F32EE9-5F51-4074-910E-42C947E4B28D}.Debug|Win32.ActiveCfg = Debug|Win32
		{D8F32EE9-5F51-4074-910E-42C947E4B28D}.Debug|Win32.Build.0 = Debug|Win32
		{D8F32EE9-5F51-4074-910E-42C947E4B28D}.Release|Win32.ActiveCfg = Release|Win32
		{D8F32EE9-5F51-4074-910E-42C947E4B28D}.Release|Win32.Build.0 = Release|Win32
		{2B1D4C95-9CC7-413F-85C0-7C9A747F1EA9}.Debug|Win32.ActiveCfg = Debug|Win32
		{2B1D4C95-9CC7-413F-85C0-7C9A747F1EA9}.Debug|Win32.Build.0 = Debug|Win32
		{2B1D4C95-9CC7-413F-85C0-7C9A747F1EA9}.Release|Win32.ActiveCfg = Release|Win32
		{2B1D4C95-9CC7-413F-85C0-7C9A747F1EA9}.Release|Win32.Build.0 = Release|Win32
		{D27C36DB-218F-41AA-96C5-5EDB07318571}.Debug|Win32.ActiveCfg = Debug|Win32
		{D27C36DB-218F-41AA-96C5-5EDB07318571}.Debug|Win32.Build.0 = Debug|Win32
		{D27C36DB-218F-41AA-96C5-5EDB07318571}.Release|Win32.ActiveCfg = Release|Win32
		{D27C36DB-218F-41AA-96C5-5EDB07318571}.Release|Win32.Build.0 = Release|Win32
	EndGlobalSection
	GlobalSection(SolutionProperties) = preSolution
		HideSolutionNode = FALSE
	EndGlobalSection
EndGlobal
