
Microsoft Visual Studio Solution File, Format Version 12.00
# Visual Studio 2013
VisualStudioVersion = 12.0.40629.0
MinimumVisualStudioVersion = 10.0.40219.1
Project("{8BC9CEB8-8B4A-11D0-8D11-00A0C91BC942}") = "Q108", "Q108\Q108.vcxproj", "{6A068E29-2FE4-4EDC-A750-5CFA7A55F9EC}"
EndProject
Project("{8BC9CEB8-8B4A-11D0-8D11-00A0C91BC942}") = "Q110", "Q110\Q110.vcxproj", "{59BFBBF3-B97A-4FAA-AD96-E1E1971F0C47}"
EndProject
Project("{8BC9CEB8-8B4A-11D0-8D11-00A0C91BC942}") = "Q112", "Q112\Q112.vcxproj", "{6EC6C03E-724C-45FD-83D1-47F4DD08D8CA}"
EndProject
Project("{8BC9CEB8-8B4A-11D0-8D11-00A0C91BC942}") = "Q115", "Q115\Q115.vcxproj", "{71849621-AEF5-4E90-92FC-EBFC18C1847B}"
EndProject
Project("{8BC9CEB8-8B4A-11D0-8D11-00A0C91BC942}") = "Q117", "Q117\Q117.vcxproj", "{91E81D39-C5F9-4547-B016-2C330997BB61}"
EndProject
Project("{8BC9CEB8-8B4A-11D0-8D11-00A0C91BC942}") = "Q118", "Q118\Q118.vcxproj", "{C576230C-11EB-47F5-B6A7-F447743ABAE8}"
EndProject
Project("{8BC9CEB8-8B4A-11D0-8D11-00A0C91BC942}") = "Q120", "Q120\Q120.vcxproj", "{7B02A5EA-6A24-4E36-90BF-673AF9326EF2}"
EndProject
Project("{8BC9CEB8-8B4A-11D0-8D11-00A0C91BC942}") = "Q121", "Q121\Q121.vcxproj", "{7B2A8DE5-2BFD-485C-A466-40012EE410A6}"
EndProject
Project("{8BC9CEB8-8B4A-11D0-8D11-00A0C91BC942}") = "Q122", "Q122\Q122.vcxproj", "{883685B7-B244-4930-90FD-C11FB81DB28B}"
EndProject
Project("{8BC9CEB8-8B4A-11D0-8D11-00A0C91BC942}") = "Q132", "Q132\Q132.vcxproj", "{3A004849-FDBD-4730-B760-60647620F852}"
EndProject
Global
	GlobalSection(SolutionConfigurationPlatforms) = preSolution
		Debug|Win32 = Debug|Win32
		Release|Win32 = Release|Win32
	EndGlobalSection
	GlobalSection(ProjectConfigurationPlatforms) = postSolution
		{6A068E29-2FE4-4EDC-A750-5CFA7A55F9EC}.Debug|Win32.ActiveCfg = Debug|Win32
		{6A068E29-2FE4-4EDC-A750-5CFA7A55F9EC}.Debug|Win32.Build.0 = Debug|Win32
		{6A068E29-2FE4-4EDC-A750-5CFA7A55F9EC}.Release|Win32.ActiveCfg = Release|Win32
		{6A068E29-2FE4-4EDC-A750-5CFA7A55F9EC}.Release|Win32.Build.0 = Release|Win32
		{59BFBBF3-B97A-4FAA-AD96-E1E1971F0C47}.Debug|Win32.ActiveCfg = Debug|Win32
		{59BFBBF3-B97A-4FAA-AD96-E1E1971F0C47}.Debug|Win32.Build.0 = Debug|Win32
		{59BFBBF3-B97A-4FAA-AD96-E1E1971F0C47}.Release|Win32.ActiveCfg = Release|Win32
		{59BFBBF3-B97A-4FAA-AD96-E1E1971F0C47}.Release|Win32.Build.0 = Release|Win32
		{6EC6C03E-724C-45FD-83D1-47F4DD08D8CA}.Debug|Win32.ActiveCfg = Debug|Win32
		{6EC6C03E-724C-45FD-83D1-47F4DD08D8CA}.Debug|Win32.Build.0 = Debug|Win32
		{6EC6C03E-724C-45FD-83D1-47F4DD08D8CA}.Release|Win32.ActiveCfg = Release|Win32
		{6EC6C03E-724C-45FD-83D1-47F4DD08D8CA}.Release|Win32.Build.0 = Release|Win32
		{71849621-AEF5-4E90-92FC-EBFC18C1847B}.Debug|Win32.ActiveCfg = Debug|Win32
		{71849621-AEF5-4E90-92FC-EBFC18C1847B}.Debug|Win32.Build.0 = Debug|Win32
		{71849621-AEF5-4E90-92FC-EBFC18C1847B}.Release|Win32.ActiveCfg = Release|Win32
		{71849621-AEF5-4E90-92FC-EBFC18C1847B}.Release|Win32.Build.0 = Release|Win32
		{91E81D39-C5F9-4547-B016-2C330997BB61}.Debug|Win32.ActiveCfg = Debug|Win32
		{91E81D39-C5F9-4547-B016-2C330997BB61}.Debug|Win32.Build.0 = Debug|Win32
		{91E81D39-C5F9-4547-B016-2C330997BB61}.Release|Win32.ActiveCfg = Release|Win32
		{91E81D39-C5F9-4547-B016-2C330997BB61}.Release|Win32.Build.0 = Release|Win32
		{C576230C-11EB-47F5-B6A7-F447743ABAE8}.Debug|Win32.ActiveCfg = Debug|Win32
		{C576230C-11EB-47F5-B6A7-F447743ABAE8}.Debug|Win32.Build.0 = Debug|Win32
		{C576230C-11EB-47F5-B6A7-F447743ABAE8}.Release|Win32.ActiveCfg = Release|Win32
		{C576230C-11EB-47F5-B6A7-F447743ABAE8}.Release|Win32.Build.0 = Release|Win32
		{7B02A5EA-6A24-4E36-90BF-673AF9326EF2}.Debug|Win32.ActiveCfg = Debug|Win32
		{7B02A5EA-6A24-4E36-90BF-673AF9326EF2}.Debug|Win32.Build.0 = Debug|Win32
		{7B02A5EA-6A24-4E36-90BF-673AF9326EF2}.Release|Win32.ActiveCfg = Release|Win32
		{7B02A5EA-6A24-4E36-90BF-673AF9326EF2}.Release|Win32.Build.0 = Release|Win32
		{7B2A8DE5-2BFD-485C-A466-40012EE410A6}.Debug|Win32.ActiveCfg = Debug|Win32
		{7B2A8DE5-2BFD-485C-A466-40012EE410A6}.Debug|Win32.Build.0 = Debug|Win32
		{7B2A8DE5-2BFD-485C-A466-40012EE410A6}.Release|Win32.ActiveCfg = Release|Win32
		{7B2A8DE5-2BFD-485C-A466-40012EE410A6}.Release|Win32.Build.0 = Release|Win32
		{883685B7-B244-4930-90FD-C11FB81DB28B}.Debug|Win32.ActiveCfg = Debug|Win32
		{883685B7-B244-4930-90FD-C11FB81DB28B}.Debug|Win32.Build.0 = Debug|Win32
		{883685B7-B244-4930-90FD-C11FB81DB28B}.Release|Win32.ActiveCfg = Release|Win32
		{883685B7-B244-4930-90FD-C11FB81DB28B}.Release|Win32.Build.0 = Release|Win32
		{3A004849-FDBD-4730-B760-60647620F852}.Debug|Win32.ActiveCfg = Debug|Win32
		{3A004849-FDBD-4730-B760-60647620F852}.Debug|Win32.Build.0 = Debug|Win32
		{3A004849-FDBD-4730-B760-60647620F852}.Release|Win32.ActiveCfg = Release|Win32
		{3A004849-FDBD-4730-B760-60647620F852}.Release|Win32.Build.0 = Release|Win32
	EndGlobalSection
	GlobalSection(SolutionProperties) = preSolution
		HideSolutionNode = FALSE
	EndGlobalSection
EndGlobal
