
Microsoft Visual Studio Solution File, Format Version 12.00
# Visual Studio 2013
VisualStudioVersion = 12.0.40629.0
MinimumVisualStudioVersion = 10.0.40219.1
Project("{8BC9CEB8-8B4A-11D0-8D11-00A0C91BC942}") = "Q75", "Q75\Q75.vcxproj", "{0CEF8947-6E1B-4C17-B2CB-83913D0B2CF6}"
EndProject
Project("{8BC9CEB8-8B4A-11D0-8D11-00A0C91BC942}") = "Q76", "Q76\Q76.vcxproj", "{FBBA246F-C0F8-474F-B8EB-F40B9BF0E590}"
EndProject
Project("{8BC9CEB8-8B4A-11D0-8D11-00A0C91BC942}") = "Q77", "Q77\Q77.vcxproj", "{92B2B086-2616-4CC5-9FCA-970C234FF76C}"
EndProject
Project("{8BC9CEB8-8B4A-11D0-8D11-00A0C91BC942}") = "Q85", "Q85\Q85.vcxproj", "{A03AF54E-12F7-4156-9A83-97CACB4F1EED}"
EndProject
Project("{8BC9CEB8-8B4A-11D0-8D11-00A0C91BC942}") = "Q86", "Q86\Q86.vcxproj", "{4760733D-2231-43A2-9A64-F20C34885B1B}"
EndProject
Project("{8BC9CEB8-8B4A-11D0-8D11-00A0C91BC942}") = "Q87", "Q87\Q87.vcxproj", "{BD5C307D-6E0C-45B9-93F8-CE33FAEAB2C8}"
EndProject
Project("{8BC9CEB8-8B4A-11D0-8D11-00A0C91BC942}") = "Q88", "Q88\Q88.vcxproj", "{39C4BC9F-F258-4AAC-ABC8-EECADE1A6E33}"
EndProject
Project("{8BC9CEB8-8B4A-11D0-8D11-00A0C91BC942}") = "Q89", "Q89\Q89.vcxproj", "{EA798893-09B1-4A63-9EB6-23B0BAF1B019}"
EndProject
Project("{8BC9CEB8-8B4A-11D0-8D11-00A0C91BC942}") = "Q90", "Q90\Q90.vcxproj", "{8B3137A9-2C47-4529-B5E6-2FFEC777AF3C}"
EndProject
Project("{8BC9CEB8-8B4A-11D0-8D11-00A0C91BC942}") = "Q91", "Q91\Q91.vcxproj", "{A0D7859D-E2EB-46B9-B8AD-F4C63A109C24}"
EndProject
Global
	GlobalSection(SolutionConfigurationPlatforms) = preSolution
		Debug|Win32 = Debug|Win32
		Release|Win32 = Release|Win32
	EndGlobalSection
	GlobalSection(ProjectConfigurationPlatforms) = postSolution
		{0CEF8947-6E1B-4C17-B2CB-83913D0B2CF6}.Debug|Win32.ActiveCfg = Debug|Win32
		{0CEF8947-6E1B-4C17-B2CB-83913D0B2CF6}.Debug|Win32.Build.0 = Debug|Win32
		{0CEF8947-6E1B-4C17-B2CB-83913D0B2CF6}.Release|Win32.ActiveCfg = Release|Win32
		{0CEF8947-6E1B-4C17-B2CB-83913D0B2CF6}.Release|Win32.Build.0 = Release|Win32
		{FBBA246F-C0F8-474F-B8EB-F40B9BF0E590}.Debug|Win32.ActiveCfg = Debug|Win32
		{FBBA246F-C0F8-474F-B8EB-F40B9BF0E590}.Debug|Win32.Build.0 = Debug|Win32
		{FBBA246F-C0F8-474F-B8EB-F40B9BF0E590}.Release|Win32.ActiveCfg = Release|Win32
		{FBBA246F-C0F8-474F-B8EB-F40B9BF0E590}.Release|Win32.Build.0 = Release|Win32
		{92B2B086-2616-4CC5-9FCA-970C234FF76C}.Debug|Win32.ActiveCfg = Debug|Win32
		{92B2B086-2616-4CC5-9FCA-970C234FF76C}.Debug|Win32.Build.0 = Debug|Win32
		{92B2B086-2616-4CC5-9FCA-970C234FF76C}.Release|Win32.ActiveCfg = Release|Win32
		{92B2B086-2616-4CC5-9FCA-970C234FF76C}.Release|Win32.Build.0 = Release|Win32
		{A03AF54E-12F7-4156-9A83-97CACB4F1EED}.Debug|Win32.ActiveCfg = Debug|Win32
		{A03AF54E-12F7-4156-9A83-97CACB4F1EED}.Debug|Win32.Build.0 = Debug|Win32
		{A03AF54E-12F7-4156-9A83-97CACB4F1EED}.Release|Win32.ActiveCfg = Release|Win32
		{A03AF54E-12F7-4156-9A83-97CACB4F1EED}.Release|Win32.Build.0 = Release|Win32
		{4760733D-2231-43A2-9A64-F20C34885B1B}.Debug|Win32.ActiveCfg = Debug|Win32
		{4760733D-2231-43A2-9A64-F20C34885B1B}.Debug|Win32.Build.0 = Debug|Win32
		{4760733D-2231-43A2-9A64-F20C34885B1B}.Release|Win32.ActiveCfg = Release|Win32
		{4760733D-2231-43A2-9A64-F20C34885B1B}.Release|Win32.Build.0 = Release|Win32
		{BD5C307D-6E0C-45B9-93F8-CE33FAEAB2C8}.Debug|Win32.ActiveCfg = Debug|Win32
		{BD5C307D-6E0C-45B9-93F8-CE33FAEAB2C8}.Debug|Win32.Build.0 = Debug|Win32
		{BD5C307D-6E0C-45B9-93F8-CE33FAEAB2C8}.Release|Win32.ActiveCfg = Release|Win32
		{BD5C307D-6E0C-45B9-93F8-CE33FAEAB2C8}.Release|Win32.Build.0 = Release|Win32
		{39C4BC9F-F258-4AAC-ABC8-EECADE1A6E33}.Debug|Win32.ActiveCfg = Debug|Win32
		{39C4BC9F-F258-4AAC-ABC8-EECADE1A6E33}.Debug|Win32.Build.0 = Debug|Win32
		{39C4BC9F-F258-4AAC-ABC8-EECADE1A6E33}.Release|Win32.ActiveCfg = Release|Win32
		{39C4BC9F-F258-4AAC-ABC8-EECADE1A6E33}.Release|Win32.Build.0 = Release|Win32
		{EA798893-09B1-4A63-9EB6-23B0BAF1B019}.Debug|Win32.ActiveCfg = Debug|Win32
		{EA798893-09B1-4A63-9EB6-23B0BAF1B019}.Debug|Win32.Build.0 = Debug|Win32
		{EA798893-09B1-4A63-9EB6-23B0BAF1B019}.Release|Win32.ActiveCfg = Release|Win32
		{EA798893-09B1-4A63-9EB6-23B0BAF1B019}.Release|Win32.Build.0 = Release|Win32
		{8B3137A9-2C47-4529-B5E6-2FFEC777AF3C}.Debug|Win32.ActiveCfg = Debug|Win32
		{8B3137A9-2C47-4529-B5E6-2FFEC777AF3C}.Debug|Win32.Build.0 = Debug|Win32
		{8B3137A9-2C47-4529-B5E6-2FFEC777AF3C}.Release|Win32.ActiveCfg = Release|Win32
		{8B3137A9-2C47-4529-B5E6-2FFEC777AF3C}.Release|Win32.Build.0 = Release|Win32
		{A0D7859D-E2EB-46B9-B8AD-F4C63A109C24}.Debug|Win32.ActiveCfg = Debug|Win32
		{A0D7859D-E2EB-46B9-B8AD-F4C63A109C24}.Debug|Win32.Build.0 = Debug|Win32
		{A0D7859D-E2EB-46B9-B8AD-F4C63A109C24}.Release|Win32.ActiveCfg = Release|Win32
		{A0D7859D-E2EB-46B9-B8AD-F4C63A109C24}.Release|Win32.Build.0 = Release|Win32
	EndGlobalSection
	GlobalSection(SolutionProperties) = preSolution
		HideSolutionNode = FALSE
	EndGlobalSection
EndGlobal
